// !$*UTF8*$!
{
	archiveVersion = 1;
	classes = {
	};
	objectVersion = 77;
	objects = {

/* Begin PBXBuildFile section */
		3F9BECD028E059F2A6A2B4DA /* TaskRowViewFallbackTests.swift in Sources */ = {isa = PBXBuildFile; fileRef = 3F9BECCF28E059F2A6A2B4DA /* TaskRowViewFallbackTests.swift */; };
		6D8F4B0223AB4567890C1DEF /* TaskManagerThemeTests.swift in Sources */ = {isa = PBXBuildFile; fileRef = 6D8F4B0123AB4567890C1DEF /* TaskManagerThemeTests.swift */; };
		BA528B8092C649F88D94C7BC /* TaskManagerTests.swift in Sources */ = {isa = PBXBuildFile; fileRef = 239E977365004E86AF34518C /* TaskManagerTests.swift */; };
		E9A7FB042DE1C0C700AA11BB /* TaskrScreenshotUITests.swift in Sources */ = {isa = PBXBuildFile; fileRef = E9A7FB032DE1C0C700AA11BB /* TaskrScreenshotUITests.swift */; };
/* End PBXBuildFile section */

/* Begin PBXContainerItemProxy section */
		42BDFEDCD1B34DD5A47E26CE /* PBXContainerItemProxy */ = {
			isa = PBXContainerItemProxy;
			containerPortal = 31CF3FC02DCCEDF70035AF5B /* Project object */;
			proxyType = 1;
			remoteGlobalIDString = 31CF3FC72DCCEDF70035AF5B;
			remoteInfo = taskr;
		};
		E9A7FB072DE1C0C700AA11BB /* PBXContainerItemProxy */ = {
			isa = PBXContainerItemProxy;
			containerPortal = 31CF3FC02DCCEDF70035AF5B /* Project object */;
			proxyType = 1;
			remoteGlobalIDString = 31CF3FC72DCCEDF70035AF5B;
			remoteInfo = taskr;
		};
/* End PBXContainerItemProxy section */

/* Begin PBXFileReference section */
		239E977365004E86AF34518C /* TaskManagerTests.swift */ = {isa = PBXFileReference; lastKnownFileType = sourcecode.swift; path = TaskManagerTests.swift; sourceTree = "<group>"; };
		31CF3FC82DCCEDF70035AF5B /* taskr.app */ = {isa = PBXFileReference; explicitFileType = wrapper.application; includeInIndex = 0; path = taskr.app; sourceTree = BUILT_PRODUCTS_DIR; };
		3F9BECCF28E059F2A6A2B4DA /* TaskRowViewFallbackTests.swift */ = {isa = PBXFileReference; lastKnownFileType = sourcecode.swift; path = TaskRowViewFallbackTests.swift; sourceTree = "<group>"; };
		6D8F4B0123AB4567890C1DEF /* TaskManagerThemeTests.swift */ = {isa = PBXFileReference; lastKnownFileType = sourcecode.swift; path = TaskManagerThemeTests.swift; sourceTree = "<group>"; };
		D562EF14BCB34A6581EA90B8 /* taskrTests.xctest */ = {isa = PBXFileReference; explicitFileType = wrapper.cfbundle; includeInIndex = 0; path = taskrTests.xctest; sourceTree = BUILT_PRODUCTS_DIR; };
		E9A7FB012DE1C0C700AA11BB /* taskrUITests.xctest */ = {isa = PBXFileReference; explicitFileType = wrapper.cfbundle; includeInIndex = 0; path = taskrUITests.xctest; sourceTree = BUILT_PRODUCTS_DIR; };
		E9A7FB032DE1C0C700AA11BB /* TaskrScreenshotUITests.swift */ = {isa = PBXFileReference; lastKnownFileType = sourcecode.swift; path = TaskrScreenshotUITests.swift; sourceTree = "<group>"; };
/* End PBXFileReference section */

/* Begin PBXFileSystemSynchronizedBuildFileExceptionSet section */
		31CF3FF52DCD422A0035AF5B /* Exceptions for "taskr" folder in "taskr" target */ = {
			isa = PBXFileSystemSynchronizedBuildFileExceptionSet;
			membershipExceptions = (
				Info.plist,
			);
			target = 31CF3FC72DCCEDF70035AF5B /* taskr */;
		};
/* End PBXFileSystemSynchronizedBuildFileExceptionSet section */

/* Begin PBXFileSystemSynchronizedRootGroup section */
		31CF3FCA2DCCEDF70035AF5B /* taskr */ = {
			isa = PBXFileSystemSynchronizedRootGroup;
			exceptions = (
				31CF3FF52DCD422A0035AF5B /* Exceptions for "taskr" folder in "taskr" target */,
			);
			path = taskr;
			sourceTree = "<group>";
		};
/* End PBXFileSystemSynchronizedRootGroup section */

/* Begin PBXFrameworksBuildPhase section */
		1CB00DA30CC7417BACC1C963 /* Frameworks */ = {
			isa = PBXFrameworksBuildPhase;
			buildActionMask = 2147483647;
			files = (
			);
			runOnlyForDeploymentPostprocessing = 0;
		};
		31CF3FC52DCCEDF70035AF5B /* Frameworks */ = {
			isa = PBXFrameworksBuildPhase;
			buildActionMask = 2147483647;
			files = (
			);
			runOnlyForDeploymentPostprocessing = 0;
		};
		E9A7FB062DE1C0C700AA11BB /* Frameworks */ = {
			isa = PBXFrameworksBuildPhase;
			buildActionMask = 2147483647;
			files = (
			);
			runOnlyForDeploymentPostprocessing = 0;
		};
/* End PBXFrameworksBuildPhase section */

/* Begin PBXGroup section */
		31CF3FBF2DCCEDF70035AF5B = {
			isa = PBXGroup;
			children = (
				31CF3FCA2DCCEDF70035AF5B /* taskr */,
				CF250352AEEF45D696CF5E5F /* taskrTests */,
				E9A7FB022DE1C0C700AA11BB /* taskrUITests */,
				31CF3FC92DCCEDF70035AF5B /* Products */,
			);
			sourceTree = "<group>";
		};
		31CF3FC92DCCEDF70035AF5B /* Products */ = {
			isa = PBXGroup;
			children = (
				31CF3FC82DCCEDF70035AF5B /* taskr.app */,
				D562EF14BCB34A6581EA90B8 /* taskrTests.xctest */,
				E9A7FB012DE1C0C700AA11BB /* taskrUITests.xctest */,
			);
			name = Products;
			sourceTree = "<group>";
		};
		CF250352AEEF45D696CF5E5F /* taskrTests */ = {
			isa = PBXGroup;
			children = (
				239E977365004E86AF34518C /* TaskManagerTests.swift */,
				6D8F4B0123AB4567890C1DEF /* TaskManagerThemeTests.swift */,
				3F9BECCF28E059F2A6A2B4DA /* TaskRowViewFallbackTests.swift */,
			);
			path = taskrTests;
			sourceTree = "<group>";
		};
		E9A7FB022DE1C0C700AA11BB /* taskrUITests */ = {
			isa = PBXGroup;
			children = (
				E9A7FB032DE1C0C700AA11BB /* TaskrScreenshotUITests.swift */,
			);
			path = taskrUITests;
			sourceTree = "<group>";
		};
/* End PBXGroup section */

/* Begin PBXNativeTarget section */
		31CF3FC72DCCEDF70035AF5B /* taskr */ = {
			isa = PBXNativeTarget;
			buildConfigurationList = 31CF3FD62DCCEDF80035AF5B /* Build configuration list for PBXNativeTarget "taskr" */;
			buildPhases = (
				31CF3FC42DCCEDF70035AF5B /* Sources */,
				31CF3FC52DCCEDF70035AF5B /* Frameworks */,
				31CF3FC62DCCEDF70035AF5B /* Resources */,
			);
			buildRules = (
			);
			dependencies = (
			);
			fileSystemSynchronizedGroups = (
				31CF3FCA2DCCEDF70035AF5B /* taskr */,
			);
			name = taskr;
			packageProductDependencies = (
			);
			productName = taskr;
			productReference = 31CF3FC82DCCEDF70035AF5B /* taskr.app */;
			productType = "com.apple.product-type.application";
		};
		C97172515EB542FBA7E23D54 /* taskrTests */ = {
			isa = PBXNativeTarget;
			buildConfigurationList = B2E347D7845D4F859F7C4D35 /* Build configuration list for PBXNativeTarget "taskrTests" */;
			buildPhases = (
				63974DBF0F964DE1A8303AD6 /* Sources */,
				1CB00DA30CC7417BACC1C963 /* Frameworks */,
			);
			buildRules = (
			);
			dependencies = (
				BE071498705445508C4C24BC /* PBXTargetDependency */,
			);
			name = taskrTests;
			productName = taskrTests;
			productReference = D562EF14BCB34A6581EA90B8 /* taskrTests.xctest */;
			productType = "com.apple.product-type.bundle.unit-test";
		};
		E9A7FB002DE1C0C700AA11BB /* taskrUITests */ = {
			isa = PBXNativeTarget;
			buildConfigurationList = E9A7FB0B2DE1C0C700AA11BB /* Build configuration list for PBXNativeTarget "taskrUITests" */;
			buildPhases = (
				E9A7FB052DE1C0C700AA11BB /* Sources */,
				E9A7FB062DE1C0C700AA11BB /* Frameworks */,
			);
			buildRules = (
			);
			dependencies = (
				E9A7FB082DE1C0C700AA11BB /* PBXTargetDependency */,
			);
			name = taskrUITests;
			productName = taskrUITests;
			productReference = E9A7FB012DE1C0C700AA11BB /* taskrUITests.xctest */;
			productType = "com.apple.product-type.bundle.ui-testing";
		};
/* End PBXNativeTarget section */

/* Begin PBXProject section */
		31CF3FC02DCCEDF70035AF5B /* Project object */ = {
			isa = PBXProject;
			attributes = {
				BuildIndependentTargetsInParallel = 1;
				LastSwiftUpdateCheck = 1630;
				LastUpgradeCheck = 2620;
				TargetAttributes = {
					31CF3FC72DCCEDF70035AF5B = {
						CreatedOnToolsVersion = 16.3;
					};
					C97172515EB542FBA7E23D54 = {
						CreatedOnToolsVersion = 16.3;
						TestTargetID = 31CF3FC72DCCEDF70035AF5B;
					};
					E9A7FB002DE1C0C700AA11BB = {
						CreatedOnToolsVersion = 16.3;
						TestTargetID = 31CF3FC72DCCEDF70035AF5B;
					};
				};
			};
			buildConfigurationList = 31CF3FC32DCCEDF70035AF5B /* Build configuration list for PBXProject "taskr" */;
			developmentRegion = en;
			hasScannedForEncodings = 0;
			knownRegions = (
				en,
				Base,
			);
			mainGroup = 31CF3FBF2DCCEDF70035AF5B;
			minimizedProjectReferenceProxies = 1;
			preferredProjectObjectVersion = 77;
			productRefGroup = 31CF3FC92DCCEDF70035AF5B /* Products */;
			projectDirPath = "";
			projectRoot = "";
			targets = (
				31CF3FC72DCCEDF70035AF5B /* taskr */,
				C97172515EB542FBA7E23D54 /* taskrTests */,
				E9A7FB002DE1C0C700AA11BB /* taskrUITests */,
			);
		};
/* End PBXProject section */

/* Begin PBXResourcesBuildPhase section */
		31CF3FC62DCCEDF70035AF5B /* Resources */ = {
			isa = PBXResourcesBuildPhase;
			buildActionMask = 2147483647;
			files = (
			);
			runOnlyForDeploymentPostprocessing = 0;
		};
/* End PBXResourcesBuildPhase section */

/* Begin PBXSourcesBuildPhase section */
		31CF3FC42DCCEDF70035AF5B /* Sources */ = {
			isa = PBXSourcesBuildPhase;
			buildActionMask = 2147483647;
			files = (
			);
			runOnlyForDeploymentPostprocessing = 0;
		};
		63974DBF0F964DE1A8303AD6 /* Sources */ = {
			isa = PBXSourcesBuildPhase;
			buildActionMask = 2147483647;
			files = (
				3F9BECD028E059F2A6A2B4DA /* TaskRowViewFallbackTests.swift in Sources */,
				6D8F4B0223AB4567890C1DEF /* TaskManagerThemeTests.swift in Sources */,
				BA528B8092C649F88D94C7BC /* TaskManagerTests.swift in Sources */,
			);
			runOnlyForDeploymentPostprocessing = 0;
		};
		E9A7FB052DE1C0C700AA11BB /* Sources */ = {
			isa = PBXSourcesBuildPhase;
			buildActionMask = 2147483647;
			files = (
				E9A7FB042DE1C0C700AA11BB /* TaskrScreenshotUITests.swift in Sources */,
			);
			runOnlyForDeploymentPostprocessing = 0;
		};
/* End PBXSourcesBuildPhase section */

/* Begin PBXTargetDependency section */
		BE071498705445508C4C24BC /* PBXTargetDependency */ = {
			isa = PBXTargetDependency;
			target = 31CF3FC72DCCEDF70035AF5B /* taskr */;
			targetProxy = 42BDFEDCD1B34DD5A47E26CE /* PBXContainerItemProxy */;
		};
		E9A7FB082DE1C0C700AA11BB /* PBXTargetDependency */ = {
			isa = PBXTargetDependency;
			target = 31CF3FC72DCCEDF70035AF5B /* taskr */;
			targetProxy = E9A7FB072DE1C0C700AA11BB /* PBXContainerItemProxy */;
		};
/* End PBXTargetDependency section */

/* Begin XCBuildConfiguration section */
		31CF3FD42DCCEDF80035AF5B /* Debug */ = {
			isa = XCBuildConfiguration;
			buildSettings = {
				ALWAYS_SEARCH_USER_PATHS = NO;
				ASSETCATALOG_COMPILER_GENERATE_SWIFT_ASSET_SYMBOL_EXTENSIONS = YES;
				CLANG_ANALYZER_NONNULL = YES;
				CLANG_ANALYZER_NUMBER_OBJECT_CONVERSION = YES_AGGRESSIVE;
				CLANG_CXX_LANGUAGE_STANDARD = "gnu++20";
				CLANG_ENABLE_MODULES = YES;
				CLANG_ENABLE_OBJC_ARC = YES;
				CLANG_ENABLE_OBJC_WEAK = YES;
				CLANG_WARN_BLOCK_CAPTURE_AUTORELEASING = YES;
				CLANG_WARN_BOOL_CONVERSION = YES;
				CLANG_WARN_COMMA = YES;
				CLANG_WARN_CONSTANT_CONVERSION = YES;
				CLANG_WARN_DEPRECATED_OBJC_IMPLEMENTATIONS = YES;
				CLANG_WARN_DIRECT_OBJC_ISA_USAGE = YES_ERROR;
				CLANG_WARN_DOCUMENTATION_COMMENTS = YES;
				CLANG_WARN_EMPTY_BODY = YES;
				CLANG_WARN_ENUM_CONVERSION = YES;
				CLANG_WARN_INFINITE_RECURSION = YES;
				CLANG_WARN_INT_CONVERSION = YES;
				CLANG_WARN_NON_LITERAL_NULL_CONVERSION = YES;
				CLANG_WARN_OBJC_IMPLICIT_RETAIN_SELF = YES;
				CLANG_WARN_OBJC_LITERAL_CONVERSION = YES;
				CLANG_WARN_OBJC_ROOT_CLASS = YES_ERROR;
				CLANG_WARN_QUOTED_INCLUDE_IN_FRAMEWORK_HEADER = YES;
				CLANG_WARN_RANGE_LOOP_ANALYSIS = YES;
				CLANG_WARN_STRICT_PROTOTYPES = YES;
				CLANG_WARN_SUSPICIOUS_MOVE = YES;
				CLANG_WARN_UNGUARDED_AVAILABILITY = YES_AGGRESSIVE;
				CLANG_WARN_UNREACHABLE_CODE = YES;
				CLANG_WARN__DUPLICATE_METHOD_MATCH = YES;
				COPY_PHASE_STRIP = NO;
				DEAD_CODE_STRIPPING = YES;
				DEBUG_INFORMATION_FORMAT = dwarf;
				DEVELOPMENT_TEAM = BM7GWKHLXS;
				ENABLE_STRICT_OBJC_MSGSEND = YES;
				ENABLE_TESTABILITY = YES;
				ENABLE_USER_SCRIPT_SANDBOXING = YES;
				GCC_C_LANGUAGE_STANDARD = gnu17;
				GCC_DYNAMIC_NO_PIC = NO;
				GCC_NO_COMMON_BLOCKS = YES;
				GCC_OPTIMIZATION_LEVEL = 0;
				GCC_PREPROCESSOR_DEFINITIONS = (
					"DEBUG=1",
					"$(inherited)",
				);
				GCC_WARN_64_TO_32_BIT_CONVERSION = YES;
				GCC_WARN_ABOUT_RETURN_TYPE = YES_ERROR;
				GCC_WARN_UNDECLARED_SELECTOR = YES;
				GCC_WARN_UNINITIALIZED_AUTOS = YES_AGGRESSIVE;
				GCC_WARN_UNUSED_FUNCTION = YES;
				GCC_WARN_UNUSED_VARIABLE = YES;
				LOCALIZATION_PREFERS_STRING_CATALOGS = YES;
				MTL_ENABLE_DEBUG_INFO = INCLUDE_SOURCE;
				MTL_FAST_MATH = YES;
				ONLY_ACTIVE_ARCH = YES;
				STRING_CATALOG_GENERATE_SYMBOLS = YES;
				SWIFT_ACTIVE_COMPILATION_CONDITIONS = "DEBUG $(inherited)";
				SWIFT_OPTIMIZATION_LEVEL = "-Onone";
			};
			name = Debug;
		};
		31CF3FD52DCCEDF80035AF5B /* Release */ = {
			isa = XCBuildConfiguration;
			buildSettings = {
				ALWAYS_SEARCH_USER_PATHS = NO;
				ASSETCATALOG_COMPILER_GENERATE_SWIFT_ASSET_SYMBOL_EXTENSIONS = YES;
				CLANG_ANALYZER_NONNULL = YES;
				CLANG_ANALYZER_NUMBER_OBJECT_CONVERSION = YES_AGGRESSIVE;
				CLANG_CXX_LANGUAGE_STANDARD = "gnu++20";
				CLANG_ENABLE_MODULES = YES;
				CLANG_ENABLE_OBJC_ARC = YES;
				CLANG_ENABLE_OBJC_WEAK = YES;
				CLANG_WARN_BLOCK_CAPTURE_AUTORELEASING = YES;
				CLANG_WARN_BOOL_CONVERSION = YES;
				CLANG_WARN_COMMA = YES;
				CLANG_WARN_CONSTANT_CONVERSION = YES;
				CLANG_WARN_DEPRECATED_OBJC_IMPLEMENTATIONS = YES;
				CLANG_WARN_DIRECT_OBJC_ISA_USAGE = YES_ERROR;
				CLANG_WARN_DOCUMENTATION_COMMENTS = YES;
				CLANG_WARN_EMPTY_BODY = YES;
				CLANG_WARN_ENUM_CONVERSION = YES;
				CLANG_WARN_INFINITE_RECURSION = YES;
				CLANG_WARN_INT_CONVERSION = YES;
				CLANG_WARN_NON_LITERAL_NULL_CONVERSION = YES;
				CLANG_WARN_OBJC_IMPLICIT_RETAIN_SELF = YES;
				CLANG_WARN_OBJC_LITERAL_CONVERSION = YES;
				CLANG_WARN_OBJC_ROOT_CLASS = YES_ERROR;
				CLANG_WARN_QUOTED_INCLUDE_IN_FRAMEWORK_HEADER = YES;
				CLANG_WARN_RANGE_LOOP_ANALYSIS = YES;
				CLANG_WARN_STRICT_PROTOTYPES = YES;
				CLANG_WARN_SUSPICIOUS_MOVE = YES;
				CLANG_WARN_UNGUARDED_AVAILABILITY = YES_AGGRESSIVE;
				CLANG_WARN_UNREACHABLE_CODE = YES;
				CLANG_WARN__DUPLICATE_METHOD_MATCH = YES;
				COPY_PHASE_STRIP = NO;
				DEAD_CODE_STRIPPING = YES;
				DEBUG_INFORMATION_FORMAT = "dwarf-with-dsym";
				DEVELOPMENT_TEAM = BM7GWKHLXS;
				ENABLE_NS_ASSERTIONS = NO;
				ENABLE_STRICT_OBJC_MSGSEND = YES;
				ENABLE_USER_SCRIPT_SANDBOXING = YES;
				GCC_C_LANGUAGE_STANDARD = gnu17;
				GCC_NO_COMMON_BLOCKS = YES;
				GCC_WARN_64_TO_32_BIT_CONVERSION = YES;
				GCC_WARN_ABOUT_RETURN_TYPE = YES_ERROR;
				GCC_WARN_UNDECLARED_SELECTOR = YES;
				GCC_WARN_UNINITIALIZED_AUTOS = YES_AGGRESSIVE;
				GCC_WARN_UNUSED_FUNCTION = YES;
				GCC_WARN_UNUSED_VARIABLE = YES;
				LOCALIZATION_PREFERS_STRING_CATALOGS = YES;
				MTL_ENABLE_DEBUG_INFO = NO;
				MTL_FAST_MATH = YES;
				STRING_CATALOG_GENERATE_SYMBOLS = YES;
				SWIFT_COMPILATION_MODE = wholemodule;
			};
			name = Release;
		};
		31CF3FD72DCCEDF80035AF5B /* Debug */ = {
			isa = XCBuildConfiguration;
			buildSettings = {
				ASSETCATALOG_COMPILER_APPICON_NAME = AppIcon;
				ASSETCATALOG_COMPILER_GLOBAL_ACCENT_COLOR_NAME = AccentColor;
				CODE_SIGN_ENTITLEMENTS = taskr/taskr.entitlements;
				"CODE_SIGN_IDENTITY[sdk=macosx*]" = "Apple Development";
				CODE_SIGN_STYLE = Automatic;
				DEAD_CODE_STRIPPING = YES;
				DEVELOPMENT_TEAM = BM7GWKHLXS;
				ENABLE_APP_SANDBOX = YES;
				ENABLE_HARDENED_RUNTIME = YES;
				ENABLE_PREVIEWS = YES;
				ENABLE_USER_SELECTED_FILES = readwrite;
				GENERATE_INFOPLIST_FILE = YES;
				INFOPLIST_FILE = taskr/Info.plist;
				INFOPLIST_KEY_CFBundleDisplayName = taskr;
				INFOPLIST_KEY_LSApplicationCategoryType = "public.app-category.utilities";
				"INFOPLIST_KEY_UIApplicationSceneManifest_Generation[sdk=iphoneos*]" = YES;
				"INFOPLIST_KEY_UIApplicationSceneManifest_Generation[sdk=iphonesimulator*]" = YES;
				"INFOPLIST_KEY_UIApplicationSupportsIndirectInputEvents[sdk=iphoneos*]" = YES;
				"INFOPLIST_KEY_UIApplicationSupportsIndirectInputEvents[sdk=iphonesimulator*]" = YES;
				"INFOPLIST_KEY_UILaunchScreen_Generation[sdk=iphoneos*]" = YES;
				"INFOPLIST_KEY_UILaunchScreen_Generation[sdk=iphonesimulator*]" = YES;
				"INFOPLIST_KEY_UIStatusBarStyle[sdk=iphoneos*]" = UIStatusBarStyleDefault;
				"INFOPLIST_KEY_UIStatusBarStyle[sdk=iphonesimulator*]" = UIStatusBarStyleDefault;
				INFOPLIST_KEY_UISupportedInterfaceOrientations_iPad = "UIInterfaceOrientationPortrait UIInterfaceOrientationPortraitUpsideDown UIInterfaceOrientationLandscapeLeft UIInterfaceOrientationLandscapeRight";
				INFOPLIST_KEY_UISupportedInterfaceOrientations_iPhone = "UIInterfaceOrientationPortrait UIInterfaceOrientationLandscapeLeft UIInterfaceOrientationLandscapeRight";
				IPHONEOS_DEPLOYMENT_TARGET = 18.4;
				LD_RUNPATH_SEARCH_PATHS = "@executable_path/Frameworks";
				"LD_RUNPATH_SEARCH_PATHS[sdk=macosx*]" = "@executable_path/../Frameworks";
				MACOSX_DEPLOYMENT_TARGET = 14.0;
				MARKETING_VERSION = 0.97.51;
				PRODUCT_BUNDLE_IDENTIFIER = com.bone.taskr;
				PRODUCT_NAME = "$(TARGET_NAME)";
				REGISTER_APP_GROUPS = YES;
				SDKROOT = auto;
				SUPPORTED_PLATFORMS = macosx;
				SUPPORTS_MACCATALYST = NO;
				SWIFT_EMIT_LOC_STRINGS = YES;
				SWIFT_VERSION = 5.0;
				XROS_DEPLOYMENT_TARGET = 2.4;
			};
			name = Debug;
		};
		31CF3FD82DCCEDF80035AF5B /* Release */ = {
			isa = XCBuildConfiguration;
			buildSettings = {
				ASSETCATALOG_COMPILER_APPICON_NAME = AppIcon;
				ASSETCATALOG_COMPILER_GLOBAL_ACCENT_COLOR_NAME = AccentColor;
				CODE_SIGN_ENTITLEMENTS = taskr/taskr.entitlements;
				"CODE_SIGN_IDENTITY[sdk=macosx*]" = "Apple Development";
				CODE_SIGN_STYLE = Automatic;
				DEAD_CODE_STRIPPING = YES;
				DEVELOPMENT_TEAM = BM7GWKHLXS;
				ENABLE_APP_SANDBOX = YES;
				ENABLE_HARDENED_RUNTIME = YES;
				ENABLE_PREVIEWS = YES;
				ENABLE_USER_SELECTED_FILES = readwrite;
				GENERATE_INFOPLIST_FILE = YES;
				INFOPLIST_FILE = taskr/Info.plist;
				INFOPLIST_KEY_CFBundleDisplayName = taskr;
				INFOPLIST_KEY_LSApplicationCategoryType = "public.app-category.utilities";
				"INFOPLIST_KEY_UIApplicationSceneManifest_Generation[sdk=iphoneos*]" = YES;
				"INFOPLIST_KEY_UIApplicationSceneManifest_Generation[sdk=iphonesimulator*]" = YES;
				"INFOPLIST_KEY_UIApplicationSupportsIndirectInputEvents[sdk=iphoneos*]" = YES;
				"INFOPLIST_KEY_UIApplicationSupportsIndirectInputEvents[sdk=iphonesimulator*]" = YES;
				"INFOPLIST_KEY_UILaunchScreen_Generation[sdk=iphoneos*]" = YES;
				"INFOPLIST_KEY_UILaunchScreen_Generation[sdk=iphonesimulator*]" = YES;
				"INFOPLIST_KEY_UIStatusBarStyle[sdk=iphoneos*]" = UIStatusBarStyleDefault;
				"INFOPLIST_KEY_UIStatusBarStyle[sdk=iphonesimulator*]" = UIStatusBarStyleDefault;
				INFOPLIST_KEY_UISupportedInterfaceOrientations_iPad = "UIInterfaceOrientationPortrait UIInterfaceOrientationPortraitUpsideDown UIInterfaceOrientationLandscapeLeft UIInterfaceOrientationLandscapeRight";
				INFOPLIST_KEY_UISupportedInterfaceOrientations_iPhone = "UIInterfaceOrientationPortrait UIInterfaceOrientationLandscapeLeft UIInterfaceOrientationLandscapeRight";
				IPHONEOS_DEPLOYMENT_TARGET = 18.4;
				LD_RUNPATH_SEARCH_PATHS = "@executable_path/Frameworks";
				"LD_RUNPATH_SEARCH_PATHS[sdk=macosx*]" = "@executable_path/../Frameworks";
				MACOSX_DEPLOYMENT_TARGET = 14.0;
				MARKETING_VERSION = 0.97.51;
				PRODUCT_BUNDLE_IDENTIFIER = com.bone.taskr;
				PRODUCT_NAME = "$(TARGET_NAME)";
				REGISTER_APP_GROUPS = YES;
				SDKROOT = auto;
				SUPPORTED_PLATFORMS = macosx;
				SUPPORTS_MACCATALYST = NO;
				SWIFT_EMIT_LOC_STRINGS = YES;
				SWIFT_VERSION = 5.0;
				XROS_DEPLOYMENT_TARGET = 2.4;
			};
			name = Release;
		};
		4207DE296FDB49ED97A79D7E /* Debug */ = {
			isa = XCBuildConfiguration;
			buildSettings = {
				ALWAYS_SEARCH_USER_PATHS = NO;
				BUNDLE_LOADER = "$(TEST_HOST)";
				CODE_SIGN_STYLE = Automatic;
				CURRENT_PROJECT_VERSION = 1;
				DEBUG_INFORMATION_FORMAT = dwarf;
				DEVELOPMENT_TEAM = BM7GWKHLXS;
				GENERATE_INFOPLIST_FILE = YES;
				INFOPLIST_KEY_CFBundleDisplayName = taskrTests;
				INFOPLIST_KEY_LSRequiresIPhoneOS = NO;
				LD_RUNPATH_SEARCH_PATHS = (
					"$(inherited)",
					"@executable_path/../Frameworks",
					"@loader_path/../Frameworks",
				);
				MACOSX_DEPLOYMENT_TARGET = 14.0;
				PRODUCT_BUNDLE_IDENTIFIER = com.bone.taskrTests;
				PRODUCT_NAME = "$(TARGET_NAME)";
				SWIFT_ACTIVE_COMPILATION_CONDITIONS = "DEBUG $(inherited)";
				SWIFT_VERSION = 5.0;
				TEST_HOST = "$(BUILT_PRODUCTS_DIR)/taskr.app/Contents/MacOS/taskr";
			};
			name = Debug;
		};
		68502E1F493A4A109AAC9489 /* Release */ = {
			isa = XCBuildConfiguration;
			buildSettings = {
				ALWAYS_SEARCH_USER_PATHS = NO;
				BUNDLE_LOADER = "$(TEST_HOST)";
				CODE_SIGN_STYLE = Automatic;
				CURRENT_PROJECT_VERSION = 1;
				DEBUG_INFORMATION_FORMAT = "dwarf-with-dsym";
				DEVELOPMENT_TEAM = BM7GWKHLXS;
				GENERATE_INFOPLIST_FILE = YES;
				INFOPLIST_KEY_CFBundleDisplayName = taskrTests;
				INFOPLIST_KEY_LSRequiresIPhoneOS = NO;
				LD_RUNPATH_SEARCH_PATHS = (
					"$(inherited)",
					"@executable_path/../Frameworks",
					"@loader_path/../Frameworks",
				);
				MACOSX_DEPLOYMENT_TARGET = 14.0;
				PRODUCT_BUNDLE_IDENTIFIER = com.bone.taskrTests;
				PRODUCT_NAME = "$(TARGET_NAME)";
				SWIFT_COMPILATION_MODE = wholemodule;
				SWIFT_VERSION = 5.0;
				TEST_HOST = "$(BUILT_PRODUCTS_DIR)/taskr.app/Contents/MacOS/taskr";
			};
			name = Release;
		};
		E9A7FB092DE1C0C700AA11BB /* Debug */ = {
			isa = XCBuildConfiguration;
			buildSettings = {
				CODE_SIGN_STYLE = Automatic;
				CURRENT_PROJECT_VERSION = 1;
				DEVELOPMENT_TEAM = BM7GWKHLXS;
				GENERATE_INFOPLIST_FILE = YES;
				INFOPLIST_FILE = taskrUITests/Info.plist;
				LD_RUNPATH_SEARCH_PATHS = (
					"$(inherited)",
					"@executable_path/../Frameworks",
					"@loader_path/../Frameworks",
				);
				MACOSX_DEPLOYMENT_TARGET = 14.0;
				PRODUCT_BUNDLE_IDENTIFIER = com.bone.taskrUITests;
				PRODUCT_NAME = "$(TARGET_NAME)";
				SDKROOT = macosx;
				SUPPORTED_PLATFORMS = macosx;
				SWIFT_ACTIVE_COMPILATION_CONDITIONS = "DEBUG $(inherited)";
				SWIFT_EMIT_LOC_STRINGS = NO;
				SWIFT_VERSION = 5.0;
				TEST_TARGET_NAME = taskr;
			};
			name = Debug;
		};
		E9A7FB0A2DE1C0C700AA11BB /* Release */ = {
			isa = XCBuildConfiguration;
			buildSettings = {
				CODE_SIGN_STYLE = Automatic;
				CURRENT_PROJECT_VERSION = 1;
				DEVELOPMENT_TEAM = BM7GWKHLXS;
				GENERATE_INFOPLIST_FILE = YES;
				INFOPLIST_FILE = taskrUITests/Info.plist;
				LD_RUNPATH_SEARCH_PATHS = (
					"$(inherited)",
					"@executable_path/../Frameworks",
					"@loader_path/../Frameworks",
				);
				MACOSX_DEPLOYMENT_TARGET = 14.0;
				PRODUCT_BUNDLE_IDENTIFIER = com.bone.taskrUITests;
				PRODUCT_NAME = "$(TARGET_NAME)";
				SDKROOT = macosx;
				SUPPORTED_PLATFORMS = macosx;
				SWIFT_COMPILATION_MODE = wholemodule;
				SWIFT_EMIT_LOC_STRINGS = NO;
				SWIFT_VERSION = 5.0;
				TEST_TARGET_NAME = taskr;
			};
			name = Release;
		};
/* End XCBuildConfiguration section */

/* Begin XCConfigurationList section */
		31CF3FC32DCCEDF70035AF5B /* Build configuration list for PBXProject "taskr" */ = {
			isa = XCConfigurationList;
			buildConfigurations = (
				31CF3FD42DCCEDF80035AF5B /* Debug */,
				31CF3FD52DCCEDF80035AF5B /* Release */,
			);
			defaultConfigurationIsVisible = 0;
			defaultConfigurationName = Release;
		};
		31CF3FD62DCCEDF80035AF5B /* Build configuration list for PBXNativeTarget "taskr" */ = {
			isa = XCConfigurationList;
			buildConfigurations = (
				31CF3FD72DCCEDF80035AF5B /* Debug */,
				31CF3FD82DCCEDF80035AF5B /* Release */,
			);
			defaultConfigurationIsVisible = 0;
			defaultConfigurationName = Release;
		};
		B2E347D7845D4F859F7C4D35 /* Build configuration list for PBXNativeTarget "taskrTests" */ = {
			isa = XCConfigurationList;
			buildConfigurations = (
				4207DE296FDB49ED97A79D7E /* Debug */,
				68502E1F493A4A109AAC9489 /* Release */,
			);
			defaultConfigurationIsVisible = 0;
			defaultConfigurationName = Release;
		};
		E9A7FB0B2DE1C0C700AA11BB /* Build configuration list for PBXNativeTarget "taskrUITests" */ = {
			isa = XCConfigurationList;
			buildConfigurations = (
				E9A7FB092DE1C0C700AA11BB /* Debug */,
				E9A7FB0A2DE1C0C700AA11BB /* Release */,
			);
			defaultConfigurationIsVisible = 0;
			defaultConfigurationName = Release;
		};
/* End XCConfigurationList section */
	};
	rootObject = 31CF3FC02DCCEDF70035AF5B /* Project object */;
}
